// !$*UTF8*$!
{
	archiveVersion = 1;
	classes = {
	};
	objectVersion = 46;
	objects = {

/* Begin PBXBuildFile section */
		2C536B28142EC68700D04164 /* automato.c in Sources */ = {isa = PBXBuildFile; fileRef = 2C536B27142EC68700D04164 /* automato.c */; };
		2C536B2C142EC69C00D04164 /* matrizes.c in Sources */ = {isa = PBXBuildFile; fileRef = 2C536B2B142EC69C00D04164 /* matrizes.c */; };
		2C635FBC145B43730023C828 /* ape.c in Sources */ = {isa = PBXBuildFile; fileRef = 2C635FBB145B43730023C828 /* ape.c */; };
		2C7A429B142FA772001E2B36 /* globais.c in Sources */ = {isa = PBXBuildFile; fileRef = 2C7A429A142FA772001E2B36 /* globais.c */; };
		E24ECD91142BF7D500574E4E /* estruturas.c in Sources */ = {isa = PBXBuildFile; fileRef = E24ECD90142BF7D500574E4E /* estruturas.c */; };
		E24ECD96142BF80E00574E4E /* lex.c in Sources */ = {isa = PBXBuildFile; fileRef = E24ECD95142BF80E00574E4E /* lex.c */; };
		E24ECD9A142CCCDF00574E4E /* tabelas.c in Sources */ = {isa = PBXBuildFile; fileRef = E24ECD99142CCCDF00574E4E /* tabelas.c */; };
		E24ECDA4142E397600574E4E /* token.c in Sources */ = {isa = PBXBuildFile; fileRef = E24ECDA3142E397600574E4E /* token.c */; };
		E274D6DB142A66AA009890DA /* main.c in Sources */ = {isa = PBXBuildFile; fileRef = E274D6DA142A66AA009890DA /* main.c */; };
		E274D6DD142A66AA009890DA /* Compilador.1 in CopyFiles */ = {isa = PBXBuildFile; fileRef = E274D6DC142A66AA009890DA /* Compilador.1 */; };
		E2F7C618145F17FF00D621C6 /* submaquinas.c in Sources */ = {isa = PBXBuildFile; fileRef = E2F7C616145F17FF00D621C6 /* submaquinas.c */; };
/* End PBXBuildFile section */

/* Begin PBXCopyFilesBuildPhase section */
		E274D6D4142A66A9009890DA /* CopyFiles */ = {
			isa = PBXCopyFilesBuildPhase;
			buildActionMask = 2147483647;
			dstPath = /usr/share/man/man1/;
			dstSubfolderSpec = 0;
			files = (
				E274D6DD142A66AA009890DA /* Compilador.1 in CopyFiles */,
			);
			runOnlyForDeploymentPostprocessing = 1;
		};
/* End PBXCopyFilesBuildPhase section */

/* Begin PBXFileReference section */
		2C536B26142EC68700D04164 /* automato.h */ = {isa = PBXFileReference; fileEncoding = 4; lastKnownFileType = sourcecode.c.h; path = automato.h; sourceTree = "<group>"; };
		2C536B27142EC68700D04164 /* automato.c */ = {isa = PBXFileReference; fileEncoding = 4; lastKnownFileType = sourcecode.c.c; path = automato.c; sourceTree = "<group>"; };
		2C536B2A142EC69C00D04164 /* matrizes.h */ = {isa = PBXFileReference; fileEncoding = 4; lastKnownFileType = sourcecode.c.h; path = matrizes.h; sourceTree = "<group>"; };
		2C536B2B142EC69C00D04164 /* matrizes.c */ = {isa = PBXFileReference; fileEncoding = 4; lastKnownFileType = sourcecode.c.c; path = matrizes.c; sourceTree = "<group>"; };
		2C635FBA145B43730023C828 /* ape.h */ = {isa = PBXFileReference; fileEncoding = 4; lastKnownFileType = sourcecode.c.h; path = ape.h; sourceTree = "<group>"; };
		2C635FBB145B43730023C828 /* ape.c */ = {isa = PBXFileReference; fileEncoding = 4; lastKnownFileType = sourcecode.c.c; path = ape.c; sourceTree = "<group>"; };
		2C7A429A142FA772001E2B36 /* globais.c */ = {isa = PBXFileReference; fileEncoding = 4; lastKnownFileType = sourcecode.c.c; path = globais.c; sourceTree = "<group>"; };
		E24ECD90142BF7D500574E4E /* estruturas.c */ = {isa = PBXFileReference; fileEncoding = 4; lastKnownFileType = sourcecode.c.c; path = estruturas.c; sourceTree = "<group>"; };
		E24ECD93142BF7E100574E4E /* estruturas.h */ = {isa = PBXFileReference; fileEncoding = 4; lastKnownFileType = sourcecode.c.h; path = estruturas.h; sourceTree = "<group>"; };
		E24ECD94142BF80100574E4E /* lex.h */ = {isa = PBXFileReference; fileEncoding = 4; lastKnownFileType = sourcecode.c.h; path = lex.h; sourceTree = "<group>"; };
		E24ECD95142BF80E00574E4E /* lex.c */ = {isa = PBXFileReference; fileEncoding = 4; lastKnownFileType = sourcecode.c.c; path = lex.c; sourceTree = "<group>"; };
		E24ECD97142C0D6700574E4E /* constantes.h */ = {isa = PBXFileReference; fileEncoding = 4; lastKnownFileType = sourcecode.c.h; path = constantes.h; sourceTree = "<group>"; };
		E24ECD98142CCCD000574E4E /* tabelas.h */ = {isa = PBXFileReference; fileEncoding = 4; lastKnownFileType = sourcecode.c.h; path = tabelas.h; sourceTree = "<group>"; };
		E24ECD99142CCCDF00574E4E /* tabelas.c */ = {isa = PBXFileReference; fileEncoding = 4; lastKnownFileType = sourcecode.c.c; path = tabelas.c; sourceTree = "<group>"; };
		E24ECD9B142D41F200574E4E /* palavrasreservadas.txt */ = {isa = PBXFileReference; fileEncoding = 4; lastKnownFileType = text; path = palavrasreservadas.txt; sourceTree = "<group>"; };
		E24ECDA0142E1CC300574E4E /* operadores.txt */ = {isa = PBXFileReference; fileEncoding = 4; lastKnownFileType = text; path = operadores.txt; sourceTree = "<group>"; };
		E24ECDA2142E396900574E4E /* token.h */ = {isa = PBXFileReference; fileEncoding = 4; lastKnownFileType = sourcecode.c.h; path = token.h; sourceTree = "<group>"; };
		E24ECDA3142E397600574E4E /* token.c */ = {isa = PBXFileReference; fileEncoding = 4; lastKnownFileType = sourcecode.c.c; path = token.c; sourceTree = "<group>"; };
		E274D6D6142A66A9009890DA /* Compilador */ = {isa = PBXFileReference; explicitFileType = "compiled.mach-o.executable"; includeInIndex = 0; path = Compilador; sourceTree = BUILT_PRODUCTS_DIR; };
		E274D6DA142A66AA009890DA /* main.c */ = {isa = PBXFileReference; lastKnownFileType = sourcecode.c.c; path = main.c; sourceTree = "<group>"; };
		E274D6DC142A66AA009890DA /* Compilador.1 */ = {isa = PBXFileReference; lastKnownFileType = text.man; path = Compilador.1; sourceTree = "<group>"; };
		E2F7C616145F17FF00D621C6 /* submaquinas.c */ = {isa = PBXFileReference; fileEncoding = 4; lastKnownFileType = sourcecode.c.c; path = submaquinas.c; sourceTree = "<group>"; };
		E2F7C617145F17FF00D621C6 /* submaquinas.h */ = {isa = PBXFileReference; fileEncoding = 4; lastKnownFileType = sourcecode.c.h; path = submaquinas.h; sourceTree = "<group>"; };
/* End PBXFileReference section */

/* Begin PBXFrameworksBuildPhase section */
		E274D6D3142A66A9009890DA /* Frameworks */ = {
			isa = PBXFrameworksBuildPhase;
			buildActionMask = 2147483647;
			files = (
			);
			runOnlyForDeploymentPostprocessing = 0;
		};
/* End PBXFrameworksBuildPhase section */

/* Begin PBXGroup section */
		E274D6CB142A66A9009890DA = {
			isa = PBXGroup;
			children = (
				E274D6D9142A66A9009890DA /* Compilador */,
				E274D6D7142A66A9009890DA /* Products */,
			);
			sourceTree = "<group>";
		};
		E274D6D7142A66A9009890DA /* Products */ = {
			isa = PBXGroup;
			children = (
				E274D6D6142A66A9009890DA /* Compilador */,
			);
			name = Products;
			sourceTree = "<group>";
		};
		E274D6D9142A66A9009890DA /* Compilador */ = {
			isa = PBXGroup;
			children = (
				E2F7C616145F17FF00D621C6 /* submaquinas.c */,
				E2F7C617145F17FF00D621C6 /* submaquinas.h */,
				E24ECDA0142E1CC300574E4E /* operadores.txt */,
				E24ECD9B142D41F200574E4E /* palavrasreservadas.txt */,
				E274D6DA142A66AA009890DA /* main.c */,
				E274D6DC142A66AA009890DA /* Compilador.1 */,
				E24ECD93142BF7E100574E4E /* estruturas.h */,
				E24ECD90142BF7D500574E4E /* estruturas.c */,
				E24ECD94142BF80100574E4E /* lex.h */,
				E24ECD95142BF80E00574E4E /* lex.c */,
				E24ECD97142C0D6700574E4E /* constantes.h */,
				E24ECD98142CCCD000574E4E /* tabelas.h */,
				E24ECD99142CCCDF00574E4E /* tabelas.c */,
				E24ECDA2142E396900574E4E /* token.h */,
				E24ECDA3142E397600574E4E /* token.c */,
				2C536B26142EC68700D04164 /* automato.h */,
				2C536B27142EC68700D04164 /* automato.c */,
				2C536B2A142EC69C00D04164 /* matrizes.h */,
				2C536B2B142EC69C00D04164 /* matrizes.c */,
				2C7A429A142FA772001E2B36 /* globais.c */,
				2C635FBA145B43730023C828 /* ape.h */,
				2C635FBB145B43730023C828 /* ape.c */,
			);
			path = Compilador;
			sourceTree = "<group>";
		};
/* End PBXGroup section */

/* Begin PBXNativeTarget section */
		E274D6D5142A66A9009890DA /* Compilador */ = {
			isa = PBXNativeTarget;
			buildConfigurationList = E274D6E0142A66AA009890DA /* Build configuration list for PBXNativeTarget "Compilador" */;
			buildPhases = (
				E274D6D2142A66A9009890DA /* Sources */,
				E274D6D3142A66A9009890DA /* Frameworks */,
				E274D6D4142A66A9009890DA /* CopyFiles */,
			);
			buildRules = (
			);
			dependencies = (
			);
			name = Compilador;
			productName = Compilador;
			productReference = E274D6D6142A66A9009890DA /* Compilador */;
			productType = "com.apple.product-type.tool";
		};
/* End PBXNativeTarget section */

/* Begin PBXProject section */
		E274D6CD142A66A9009890DA /* Project object */ = {
			isa = PBXProject;
			attributes = {
				ORGANIZATIONNAME = "Poli USP";
			};
			buildConfigurationList = E274D6D0142A66A9009890DA /* Build configuration list for PBXProject "Compilador" */;
			compatibilityVersion = "Xcode 3.2";
			developmentRegion = English;
			hasScannedForEncodings = 0;
			knownRegions = (
				en,
			);
			mainGroup = E274D6CB142A66A9009890DA;
			productRefGroup = E274D6D7142A66A9009890DA /* Products */;
			projectDirPath = "";
			projectRoot = "";
			targets = (
				E274D6D5142A66A9009890DA /* Compilador */,
			);
		};
/* End PBXProject section */

/* Begin PBXSourcesBuildPhase section */
		E274D6D2142A66A9009890DA /* Sources */ = {
			isa = PBXSourcesBuildPhase;
			buildActionMask = 2147483647;
			files = (
				E274D6DB142A66AA009890DA /* main.c in Sources */,
				E24ECD91142BF7D500574E4E /* estruturas.c in Sources */,
				E24ECD96142BF80E00574E4E /* lex.c in Sources */,
				E24ECD9A142CCCDF00574E4E /* tabelas.c in Sources */,
				E24ECDA4142E397600574E4E /* token.c in Sources */,
				2C536B28142EC68700D04164 /* automato.c in Sources */,
				2C536B2C142EC69C00D04164 /* matrizes.c in Sources */,
				2C7A429B142FA772001E2B36 /* globais.c in Sources */,
				2C635FBC145B43730023C828 /* ape.c in Sources */,
				E2F7C618145F17FF00D621C6 /* submaquinas.c in Sources */,
			);
			runOnlyForDeploymentPostprocessing = 0;
		};
/* End PBXSourcesBuildPhase section */

/* Begin XCBuildConfiguration section */
		E274D6DE142A66AA009890DA /* Debug */ = {
			isa = XCBuildConfiguration;
			buildSettings = {
				ALWAYS_SEARCH_USER_PATHS = NO;
				ARCHS = "$(ARCHS_STANDARD_64_BIT)";
				COPY_PHASE_STRIP = NO;
				GCC_C_LANGUAGE_STANDARD = gnu99;
				GCC_DYNAMIC_NO_PIC = NO;
				GCC_ENABLE_OBJC_EXCEPTIONS = YES;
				GCC_OPTIMIZATION_LEVEL = 0;
				GCC_PREPROCESSOR_DEFINITIONS = (
					"DEBUG=1",
					"$(inherited)",
				);
				GCC_SYMBOLS_PRIVATE_EXTERN = NO;
				GCC_VERSION = com.apple.compilers.llvm.clang.1_0;
				GCC_WARN_64_TO_32_BIT_CONVERSION = YES;
				GCC_WARN_ABOUT_MISSING_PROTOTYPES = YES;
				GCC_WARN_ABOUT_RETURN_TYPE = YES;
				GCC_WARN_UNUSED_VARIABLE = YES;
				MACOSX_DEPLOYMENT_TARGET = 10.7;
				ONLY_ACTIVE_ARCH = YES;
				SDKROOT = macosx;
			};
			name = Debug;
		};
		E274D6DF142A66AA009890DA /* Release */ = {
			isa = XCBuildConfiguration;
			buildSettings = {
				ALWAYS_SEARCH_USER_PATHS = NO;
				ARCHS = "$(ARCHS_STANDARD_64_BIT)";
				COPY_PHASE_STRIP = YES;
				DEBUG_INFORMATION_FORMAT = "dwarf-with-dsym";
				GCC_C_LANGUAGE_STANDARD = gnu99;
				GCC_ENABLE_OBJC_EXCEPTIONS = YES;
				GCC_VERSION = com.apple.compilers.llvm.clang.1_0;
				GCC_WARN_64_TO_32_BIT_CONVERSION = YES;
				GCC_WARN_ABOUT_MISSING_PROTOTYPES = YES;
				GCC_WARN_ABOUT_RETURN_TYPE = YES;
				GCC_WARN_UNUSED_VARIABLE = YES;
				MACOSX_DEPLOYMENT_TARGET = 10.7;
				SDKROOT = macosx;
			};
			name = Release;
		};
		E274D6E1142A66AA009890DA /* Debug */ = {
			isa = XCBuildConfiguration;
			buildSettings = {
				PRODUCT_NAME = "$(TARGET_NAME)";
			};
			name = Debug;
		};
		E274D6E2142A66AA009890DA /* Release */ = {
			isa = XCBuildConfiguration;
			buildSettings = {
				PRODUCT_NAME = "$(TARGET_NAME)";
			};
			name = Release;
		};
/* End XCBuildConfiguration section */

/* Begin XCConfigurationList section */
		E274D6D0142A66A9009890DA /* Build configuration list for PBXProject "Compilador" */ = {
			isa = XCConfigurationList;
			buildConfigurations = (
				E274D6DE142A66AA009890DA /* Debug */,
				E274D6DF142A66AA009890DA /* Release */,
			);
			defaultConfigurationIsVisible = 0;
			defaultConfigurationName = Release;
		};
		E274D6E0142A66AA009890DA /* Build configuration list for PBXNativeTarget "Compilador" */ = {
			isa = XCConfigurationList;
			buildConfigurations = (
				E274D6E1142A66AA009890DA /* Debug */,
				E274D6E2142A66AA009890DA /* Release */,
			);
			defaultConfigurationIsVisible = 0;
			defaultConfigurationName = Release;
		};
/* End XCConfigurationList section */
	};
	rootObject = E274D6CD142A66A9009890DA /* Project object */;
}
